
Microsoft Visual Studio Solution File, Format Version 12.00
# Visual Studio Version 16
VisualStudioVersion = 16.0.31424.327
MinimumVisualStudioVersion = 10.0.40219.1
Project("{FAE04EC0-301F-11D3-BF4B-00C04F79EFBC}") = "jenkinsproject", "jenkinsproject\jenkinsproject.csproj", "{EAEF5F77-BA89-4E83-A233-1DEE27DBFE28}"
EndProject
Global
	GlobalSection(SolutionConfigurationPlatforms) = preSolution
		Debug|Any CPU = Debug|Any CPU
		Release|Any CPU = Release|Any CPU
	EndGlobalSection
	GlobalSection(ProjectConfigurationPlatforms) = postSolution
		{EAEF5F77-BA89-4E83-A233-1DEE27DBFE28}.Debug|Any CPU.ActiveCfg = Debug|Any CPU
		{EAEF5F77-BA89-4E83-A233-1DEE27DBFE28}.Debug|Any CPU.Build.0 = Debug|Any CPU
		{EAEF5F77-BA89-4E83-A233-1DEE27DBFE28}.Release|Any CPU.ActiveCfg = Release|Any CPU
		{EAEF5F77-BA89-4E83-A233-1DEE27DBFE28}.Release|Any CPU.Build.0 = Release|Any CPU
	EndGlobalSection
	GlobalSection(SolutionProperties) = preSolution
		HideSolutionNode = FALSE
	EndGlobalSection
	GlobalSection(ExtensibilityGlobals) = postSolution
		SolutionGuid = {BCA8A7E0-3A83-4C9F-A7A1-77A06F6BBD16}
	EndGlobalSection
EndGlobal
